
Microsoft Visual Studio Solution File, Format Version 12.00
# Visual Studio Version 16
VisualStudioVersion = 16.0.31112.23
MinimumVisualStudioVersion = 10.0.40219.1
Project("{FAE04EC0-301F-11D3-BF4B-00C04F79EFBC}") = "Booking.Domain", "Booking.Domain\Booking.Domain.csproj", "{02FCFB76-591D-4543-A283-E3FB99345496}"
EndProject
Project("{FAE04EC0-301F-11D3-BF4B-00C04F79EFBC}") = "Booking.Domain.Tests", "Booking.Domain.Tests\Booking.Domain.Tests.csproj", "{2AEBC383-23F5-42A3-99A5-8F45E17527B7}"
EndProject
Project("{FAE04EC0-301F-11D3-BF4B-00C04F79EFBC}") = "Booking.Persistence", "Booking.Persistence\Booking.Persistence.csproj", "{319743BC-98CE-4D60-8A94-528A24E7F453}"
EndProject
Project("{FAE04EC0-301F-11D3-BF4B-00C04F79EFBC}") = "Booking.Application", "BookingApplication\Booking.Application.csproj", "{50A609EE-B1D2-40A9-A7C5-BF239779CB42}"
	ProjectSection(ProjectDependencies) = postProject
		{02FCFB76-591D-4543-A283-E3FB99345496} = {02FCFB76-591D-4543-A283-E3FB99345496}
	EndProjectSection
EndProject
Global
	GlobalSection(SolutionConfigurationPlatforms) = preSolution
		Debug|Any CPU = Debug|Any CPU
		Release|Any CPU = Release|Any CPU
	EndGlobalSection
	GlobalSection(ProjectConfigurationPlatforms) = postSolution
		{02FCFB76-591D-4543-A283-E3FB99345496}.Debug|Any CPU.ActiveCfg = Debug|Any CPU
		{02FCFB76-591D-4543-A283-E3FB99345496}.Debug|Any CPU.Build.0 = Debug|Any CPU
		{02FCFB76-591D-4543-A283-E3FB99345496}.Release|Any CPU.ActiveCfg = Release|Any CPU
		{02FCFB76-591D-4543-A283-E3FB99345496}.Release|Any CPU.Build.0 = Release|Any CPU
		{2AEBC383-23F5-42A3-99A5-8F45E17527B7}.Debug|Any CPU.ActiveCfg = Debug|Any CPU
		{2AEBC383-23F5-42A3-99A5-8F45E17527B7}.Debug|Any CPU.Build.0 = Debug|Any CPU
		{2AEBC383-23F5-42A3-99A5-8F45E17527B7}.Release|Any CPU.ActiveCfg = Release|Any CPU
		{2AEBC383-23F5-42A3-99A5-8F45E17527B7}.Release|Any CPU.Build.0 = Release|Any CPU
		{319743BC-98CE-4D60-8A94-528A24E7F453}.Debug|Any CPU.ActiveCfg = Debug|Any CPU
		{319743BC-98CE-4D60-8A94-528A24E7F453}.Debug|Any CPU.Build.0 = Debug|Any CPU
		{319743BC-98CE-4D60-8A94-528A24E7F453}.Release|Any CPU.ActiveCfg = Release|Any CPU
		{319743BC-98CE-4D60-8A94-528A24E7F453}.Release|Any CPU.Build.0 = Release|Any CPU
		{50A609EE-B1D2-40A9-A7C5-BF239779CB42}.Debug|Any CPU.ActiveCfg = Debug|Any CPU
		{50A609EE-B1D2-40A9-A7C5-BF239779CB42}.Debug|Any CPU.Build.0 = Debug|Any CPU
		{50A609EE-B1D2-40A9-A7C5-BF239779CB42}.Release|Any CPU.ActiveCfg = Release|Any CPU
		{50A609EE-B1D2-40A9-A7C5-BF239779CB42}.Release|Any CPU.Build.0 = Release|Any CPU
	EndGlobalSection
	GlobalSection(SolutionProperties) = preSolution
		HideSolutionNode = FALSE
	EndGlobalSection
	GlobalSection(ExtensibilityGlobals) = postSolution
		SolutionGuid = {736701DA-EF77-4ED7-9445-E3EBD8167008}
	EndGlobalSection
EndGlobal
